{
  "name": "edgartf3.angular.crud",
  "version": "1.0.0",
  "lockfileVersion": 1,
  "requires": true,
  "dependencies": {
    "edgartf3.angular.shared": {
      "version": "1.0.6",
      "resolved": "https://registry.npmjs.org/edgartf3.angular.shared/-/edgartf3.angular.shared-1.0.6.tgz",
      "integrity": "sha512-7oNsVBBLjcAU+5W0GSpCLjFZdZJFJCnIwFQcO5sfvtSQBqbe6Z1uRSjeRlO8ZVro05VlVtSfY4obmIo5q/RN5g=="
    }
  }
}
